<Solution>
  <Configurations>
    <Platform Name="x64" />
  </Configurations>
  <Folder Name="/Solution Items/">
    <File Path=".editorconfig" />
  </Folder>
  <Project Path="Packager/Packager.csproj">
    <BuildDependency Project="PreBuild/PreBuild.csproj" />
    <Platform Project="x64" />
  </Project>
  <Project Path="PreBuild/PreBuild.csproj">
    <Platform Project="x64" />
  </Project>
  <Project Path="Test/Packager.Test.DotNetFramework/Packager.Test.DotNetFramework.csproj">
    <Platform Project="x64" />
  </Project>
  <Project Path="Test/Packager.Test/Packager.Test.csproj">
    <Platform Project="x64" />
  </Project>
</Solution>
